clean:
  cmd: python src/clean.py
  deps:
  - path: data/raw
    md5: 23a694225ed6b59d8a243beef6dd8520.dir
  outs:
  - path: data/clean
    md5: c2bc167e4fd0f4bbe0328b9d65c93ba6.dir
features:
  cmd: python src/features.py
  deps:
  - path: data/clean
    md5: c2bc167e4fd0f4bbe0328b9d65c93ba6.dir
  - path: src/features.py
    md5: 89244a2f088af10f4c3867247c89c6e2
  outs:
  - path: data/featured
    md5: 6a7f75c48680d8e8f6c12fe79bda733d.dir
model:
  cmd: python src/model.py
  deps:
  - path: data/featured
    md5: 6a7f75c48680d8e8f6c12fe79bda733d.dir
  - path: src/model.py
    md5: d19cd452bb5069f027cab552fee69fcf
  outs:
  - path: models/untrained.joblib
    md5: bd87d3d42354ebf3661ee1ebc73aed5b
