clean:
  cmd: python src/clean.py
  deps:
  - path: data/raw
    md5: 23a694225ed6b59d8a243beef6dd8520.dir
  outs:
  - path: data/clean
    md5: c2bc167e4fd0f4bbe0328b9d65c93ba6.dir
features:
  cmd: python src/features.py
  deps:
  - path: data/clean
    md5: c2bc167e4fd0f4bbe0328b9d65c93ba6.dir
  - path: src/features.py
    md5: 9cde328596c12b8c401ce3f138de0d89
  outs:
  - path: data/featured
    md5: ae88d42f102b603cbbaf5c59e6a6aab0.dir
