clean:
  cmd: python src/clean.py
  deps:
  - path: data/raw
    md5: 23a694225ed6b59d8a243beef6dd8520.dir
  outs:
  - path: data/clean
    md5: c2bc167e4fd0f4bbe0328b9d65c93ba6.dir
features:
  cmd: python src/features.py
  deps:
  - path: data/clean
    md5: c2bc167e4fd0f4bbe0328b9d65c93ba6.dir
  - path: src/features.py
    md5: 89244a2f088af10f4c3867247c89c6e2
  outs:
  - path: data/featured
    md5: 6a7f75c48680d8e8f6c12fe79bda733d.dir
model:
  cmd: python src/model.py
  deps:
  - path: data/featured
    md5: 6a7f75c48680d8e8f6c12fe79bda733d.dir
  - path: src/model.py
    md5: b5d1a2ebdbb74e5310b2448d0c7d22cc
  params:
    params.yaml:
      cv: 5
      seed: 42
  outs:
  - path: models/untrained.joblib
    md5: bd87d3d42354ebf3661ee1ebc73aed5b
evaulate:
  cmd: python src/evaluate.py
  deps:
  - path: data/featured
    md5: 6a7f75c48680d8e8f6c12fe79bda733d.dir
  - path: models/untrained.joblib
    md5: bd87d3d42354ebf3661ee1ebc73aed5b
  - path: src/evaluate.py
    md5: 363f17b019a46ae7da16da398d1be925
  params:
    params.yaml:
      cv: 5
      seed: 42
  outs:
  - path: models/trained.joblib
    md5: 3c72b27ce6004ed5a93fa57f03a14bac
  - path: results/metrics.json
    md5: 6788d45e7d5cec14837c8fbe8f2818b9
  - path: results/pr_curve.csv
    md5: 188726a379fdaf3d9de0b11c6ee4898c
  - path: results/roc_curve.csv
    md5: 5025661433dd48de436a6610c89aa475
